
Microsoft Visual Studio Solution File, Format Version 12.00
# Visual Studio Version 16
VisualStudioVersion = 16.0.30517.126
MinimumVisualStudioVersion = 10.0.40219.1
Project("{FAE04EC0-301F-11D3-BF4B-00C04F79EFBC}") = "EmployeeService", "EmployeeService\EmployeeService.csproj", "{07284E46-CD03-4DA3-B9BB-4E829A0F21FC}"
EndProject
Project("{FAE04EC0-301F-11D3-BF4B-00C04F79EFBC}") = "TennisGame", "TennisGame\TennisGame.csproj", "{43EC096A-32B8-40D4-9945-F59500BD35B7}"
EndProject
Global
	GlobalSection(SolutionConfigurationPlatforms) = preSolution
		Debug|Any CPU = Debug|Any CPU
		Release|Any CPU = Release|Any CPU
	EndGlobalSection
	GlobalSection(ProjectConfigurationPlatforms) = postSolution
		{07284E46-CD03-4DA3-B9BB-4E829A0F21FC}.Debug|Any CPU.ActiveCfg = Debug|Any CPU
		{07284E46-CD03-4DA3-B9BB-4E829A0F21FC}.Debug|Any CPU.Build.0 = Debug|Any CPU
		{07284E46-CD03-4DA3-B9BB-4E829A0F21FC}.Release|Any CPU.ActiveCfg = Release|Any CPU
		{07284E46-CD03-4DA3-B9BB-4E829A0F21FC}.Release|Any CPU.Build.0 = Release|Any CPU
		{43EC096A-32B8-40D4-9945-F59500BD35B7}.Debug|Any CPU.ActiveCfg = Debug|Any CPU
		{43EC096A-32B8-40D4-9945-F59500BD35B7}.Debug|Any CPU.Build.0 = Debug|Any CPU
		{43EC096A-32B8-40D4-9945-F59500BD35B7}.Release|Any CPU.ActiveCfg = Release|Any CPU
		{43EC096A-32B8-40D4-9945-F59500BD35B7}.Release|Any CPU.Build.0 = Release|Any CPU
	EndGlobalSection
	GlobalSection(SolutionProperties) = preSolution
		HideSolutionNode = FALSE
	EndGlobalSection
	GlobalSection(ExtensibilityGlobals) = postSolution
		SolutionGuid = {DE632998-2E6B-4070-90E8-EC86E02B3669}
	EndGlobalSection
EndGlobal
